// !$*UTF8*$!
{
	archiveVersion = 1;
	classes = {
	};
	objectVersion = 50;
	objects = {

/* Begin PBXBuildFile section */
		183561E9210FF7AA00489685 /* female.png in Resources */ = {isa = PBXBuildFile; fileRef = 183561E8210FF7AA00489685 /* female.png */; };
		183561EB210FFA2A00489685 /* male.png in Resources */ = {isa = PBXBuildFile; fileRef = 183561EA210FFA2900489685 /* male.png */; };
		183562252110360600489685 /* pairBackground.jpg in Resources */ = {isa = PBXBuildFile; fileRef = 183562242110360600489685 /* pairBackground.jpg */; };
		1878FB3B210AB98E00715BB0 /* AddListTableViewController.swift in Sources */ = {isa = PBXBuildFile; fileRef = 1878FB3A210AB98E00715BB0 /* AddListTableViewController.swift */; };
		1878FB3F210AD0BC00715BB0 /* AddListTableViewCell.swift in Sources */ = {isa = PBXBuildFile; fileRef = 1878FB3E210AD0BC00715BB0 /* AddListTableViewCell.swift */; };
		188B35B32107591000458C80 /* PairViewController.swift in Sources */ = {isa = PBXBuildFile; fileRef = 188B35B22107591000458C80 /* PairViewController.swift */; };
		18FD86362106F9FB0040441F /* FriendPageSwitchViewController.swift in Sources */ = {isa = PBXBuildFile; fileRef = 18FD86352106F9FB0040441F /* FriendPageSwitchViewController.swift */; };
		18FD86382106FB520040441F /* FriendListViewController.swift in Sources */ = {isa = PBXBuildFile; fileRef = 18FD86372106FB520040441F /* FriendListViewController.swift */; };
		18FD863B2106FD110040441F /* FriendListTableViewCell.swift in Sources */ = {isa = PBXBuildFile; fileRef = 18FD863A2106FD110040441F /* FriendListTableViewCell.swift */; };
		18FD863D210711BA0040441F /* FriendSearchViewController.swift in Sources */ = {isa = PBXBuildFile; fileRef = 18FD863C210711BA0040441F /* FriendSearchViewController.swift */; };
		18FD863F210711D70040441F /* FriendSearchTableViewCell.swift in Sources */ = {isa = PBXBuildFile; fileRef = 18FD863E210711D70040441F /* FriendSearchTableViewCell.swift */; };
		DE16CCAC210B0455008FF04F /* ArticleTableViewCell.swift in Sources */ = {isa = PBXBuildFile; fileRef = DE16CCAB210B0455008FF04F /* ArticleTableViewCell.swift */; };
		DE16CCAE210B07A4008FF04F /* UIImage+resize.swift in Sources */ = {isa = PBXBuildFile; fileRef = DE16CCAD210B07A4008FF04F /* UIImage+resize.swift */; };
		DE16CCB2210C20C7008FF04F /* AddArticleViewController.swift in Sources */ = {isa = PBXBuildFile; fileRef = DE16CCB1210C20C7008FF04F /* AddArticleViewController.swift */; };
		DE16CCB6210D7288008FF04F /* MessageBoardTableViewCell.swift in Sources */ = {isa = PBXBuildFile; fileRef = DE16CCB5210D7288008FF04F /* MessageBoardTableViewCell.swift */; };
		DE16CCDA210D99DC008FF04F /* MessageBoardViewController.swift in Sources */ = {isa = PBXBuildFile; fileRef = DE16CCD9210D99DC008FF04F /* MessageBoardViewController.swift */; };
		DE4DD08D210322FE00DE8587 /* UIImageCropper.swift in Sources */ = {isa = PBXBuildFile; fileRef = DE4DD08B210322FE00DE8587 /* UIImageCropper.swift */; };
		DE4DD08E210322FE00DE8587 /* UIImage+FixOrientation.swift in Sources */ = {isa = PBXBuildFile; fileRef = DE4DD08C210322FE00DE8587 /* UIImage+FixOrientation.swift */; };
		DE4DD09021034E2500DE8587 /* InfoViewController.swift in Sources */ = {isa = PBXBuildFile; fileRef = DE4DD08F21034E2500DE8587 /* InfoViewController.swift */; };
		DE4DD09221042C1E00DE8587 /* SignUpViewController.swift in Sources */ = {isa = PBXBuildFile; fileRef = DE4DD09121042C1E00DE8587 /* SignUpViewController.swift */; };
		DE4DD09B2105A1AF00DE8587 /* MyDogStoryboard.storyboard in Resources */ = {isa = PBXBuildFile; fileRef = DE4DD09A2105A1AF00DE8587 /* MyDogStoryboard.storyboard */; };
		DE4DD09F2105A35F00DE8587 /* ArticleStoryboard.storyboard in Resources */ = {isa = PBXBuildFile; fileRef = DE4DD09E2105A35F00DE8587 /* ArticleStoryboard.storyboard */; };
		DE4DD0A12105A36900DE8587 /* ChatStoryboard.storyboard in Resources */ = {isa = PBXBuildFile; fileRef = DE4DD0A02105A36900DE8587 /* ChatStoryboard.storyboard */; };
		DE4DD0A32105A8AD00DE8587 /* LoginStoryboard.storyboard in Resources */ = {isa = PBXBuildFile; fileRef = DE4DD0A22105A8AD00DE8587 /* LoginStoryboard.storyboard */; };
		DE4DD0A52105ACD800DE8587 /* AddDogViewController.swift in Sources */ = {isa = PBXBuildFile; fileRef = DE4DD0A42105ACD800DE8587 /* AddDogViewController.swift */; };
		DE4DD0A82105EC4700DE8587 /* Media.swift in Sources */ = {isa = PBXBuildFile; fileRef = DE4DD0A72105EC4700DE8587 /* Media.swift */; };
		DE60810B20FD9D7600FA16C1 /* Communicator.swift in Sources */ = {isa = PBXBuildFile; fileRef = DE60810A20FD9D7600FA16C1 /* Communicator.swift */; };
		DE60810D20FD9DD000FA16C1 /* Action.swift in Sources */ = {isa = PBXBuildFile; fileRef = DE60810C20FD9DD000FA16C1 /* Action.swift */; };
		DE60811120FD9E7200FA16C1 /* DataModel.swift in Sources */ = {isa = PBXBuildFile; fileRef = DE60811020FD9E7200FA16C1 /* DataModel.swift */; };
		DE60811320FD9EC900FA16C1 /* Default.swift in Sources */ = {isa = PBXBuildFile; fileRef = DE60811220FD9EC900FA16C1 /* Default.swift */; };
		DE60811520FDA06700FA16C1 /* LoginViewController.swift in Sources */ = {isa = PBXBuildFile; fileRef = DE60811420FDA06700FA16C1 /* LoginViewController.swift */; };
		DE60811920FDC79400FA16C1 /* MyDogCollectionViewController.swift in Sources */ = {isa = PBXBuildFile; fileRef = DE60811820FDC79400FA16C1 /* MyDogCollectionViewController.swift */; };
		DE60811D20FDC94D00FA16C1 /* MyDogImageCollectionViewCell.swift in Sources */ = {isa = PBXBuildFile; fileRef = DE60811C20FDC94D00FA16C1 /* MyDogImageCollectionViewCell.swift */; };
		DE6D4F5620EF3695003ECCC6 /* AppDelegate.swift in Sources */ = {isa = PBXBuildFile; fileRef = DE6D4F5520EF3695003ECCC6 /* AppDelegate.swift */; };
		DE6D4F5820EF3695003ECCC6 /* ViewController.swift in Sources */ = {isa = PBXBuildFile; fileRef = DE6D4F5720EF3695003ECCC6 /* ViewController.swift */; };
		DE6D4F5B20EF3695003ECCC6 /* Main.storyboard in Resources */ = {isa = PBXBuildFile; fileRef = DE6D4F5920EF3695003ECCC6 /* Main.storyboard */; };
		DE6D4F5D20EF3696003ECCC6 /* Assets.xcassets in Resources */ = {isa = PBXBuildFile; fileRef = DE6D4F5C20EF3696003ECCC6 /* Assets.xcassets */; };
		DE6D4F6020EF3696003ECCC6 /* LaunchScreen.storyboard in Resources */ = {isa = PBXBuildFile; fileRef = DE6D4F5E20EF3696003ECCC6 /* LaunchScreen.storyboard */; };
		DED8DF5D2101BFEA00673EA5 /* MyDogInfoCollectionReusableView.swift in Sources */ = {isa = PBXBuildFile; fileRef = DED8DF5C2101BFEA00673EA5 /* MyDogInfoCollectionReusableView.swift */; };
		DEEAA714210728980010B0BE /* FriendStoryboard.storyboard in Resources */ = {isa = PBXBuildFile; fileRef = DEEAA713210728980010B0BE /* FriendStoryboard.storyboard */; };
		DEEAA71621084DEE0010B0BE /* ArticleTableViewController.swift in Sources */ = {isa = PBXBuildFile; fileRef = DEEAA71521084DEE0010B0BE /* ArticleTableViewController.swift */; };
		DEF02C9E20FF597F0013DB8D /* dog02.jpg in Resources */ = {isa = PBXBuildFile; fileRef = DEF02C9D20FF597F0013DB8D /* dog02.jpg */; };
/* End PBXBuildFile section */

/* Begin PBXFileReference section */
		183561E8210FF7AA00489685 /* female.png */ = {isa = PBXFileReference; lastKnownFileType = image.png; path = female.png; sourceTree = "<group>"; };
		183561EA210FFA2900489685 /* male.png */ = {isa = PBXFileReference; lastKnownFileType = image.png; path = male.png; sourceTree = "<group>"; };
		183562242110360600489685 /* pairBackground.jpg */ = {isa = PBXFileReference; lastKnownFileType = image.jpeg; path = pairBackground.jpg; sourceTree = "<group>"; };
		1878FB3A210AB98E00715BB0 /* AddListTableViewController.swift */ = {isa = PBXFileReference; lastKnownFileType = sourcecode.swift; path = AddListTableViewController.swift; sourceTree = "<group>"; };
		1878FB3E210AD0BC00715BB0 /* AddListTableViewCell.swift */ = {isa = PBXFileReference; lastKnownFileType = sourcecode.swift; path = AddListTableViewCell.swift; sourceTree = "<group>"; };
		188B35B22107591000458C80 /* PairViewController.swift */ = {isa = PBXFileReference; lastKnownFileType = sourcecode.swift; path = PairViewController.swift; sourceTree = "<group>"; };
		18FD86352106F9FB0040441F /* FriendPageSwitchViewController.swift */ = {isa = PBXFileReference; lastKnownFileType = sourcecode.swift; path = FriendPageSwitchViewController.swift; sourceTree = "<group>"; };
		18FD86372106FB520040441F /* FriendListViewController.swift */ = {isa = PBXFileReference; lastKnownFileType = sourcecode.swift; path = FriendListViewController.swift; sourceTree = "<group>"; };
		18FD863A2106FD110040441F /* FriendListTableViewCell.swift */ = {isa = PBXFileReference; lastKnownFileType = sourcecode.swift; path = FriendListTableViewCell.swift; sourceTree = "<group>"; };
		18FD863C210711BA0040441F /* FriendSearchViewController.swift */ = {isa = PBXFileReference; lastKnownFileType = sourcecode.swift; path = FriendSearchViewController.swift; sourceTree = "<group>"; };
		18FD863E210711D70040441F /* FriendSearchTableViewCell.swift */ = {isa = PBXFileReference; lastKnownFileType = sourcecode.swift; path = FriendSearchTableViewCell.swift; sourceTree = "<group>"; };
		DE16CCAB210B0455008FF04F /* ArticleTableViewCell.swift */ = {isa = PBXFileReference; lastKnownFileType = sourcecode.swift; path = ArticleTableViewCell.swift; sourceTree = "<group>"; };
		DE16CCAD210B07A4008FF04F /* UIImage+resize.swift */ = {isa = PBXFileReference; lastKnownFileType = sourcecode.swift; path = "UIImage+resize.swift"; sourceTree = "<group>"; };
		DE16CCB1210C20C7008FF04F /* AddArticleViewController.swift */ = {isa = PBXFileReference; lastKnownFileType = sourcecode.swift; path = AddArticleViewController.swift; sourceTree = "<group>"; };
		DE16CCB5210D7288008FF04F /* MessageBoardTableViewCell.swift */ = {isa = PBXFileReference; lastKnownFileType = sourcecode.swift; path = MessageBoardTableViewCell.swift; sourceTree = "<group>"; };
		DE16CCD9210D99DC008FF04F /* MessageBoardViewController.swift */ = {isa = PBXFileReference; lastKnownFileType = sourcecode.swift; path = MessageBoardViewController.swift; sourceTree = "<group>"; };
		DE4DD08B210322FE00DE8587 /* UIImageCropper.swift */ = {isa = PBXFileReference; fileEncoding = 4; lastKnownFileType = sourcecode.swift; path = UIImageCropper.swift; sourceTree = "<group>"; };
		DE4DD08C210322FE00DE8587 /* UIImage+FixOrientation.swift */ = {isa = PBXFileReference; fileEncoding = 4; lastKnownFileType = sourcecode.swift; path = "UIImage+FixOrientation.swift"; sourceTree = "<group>"; };
		DE4DD08F21034E2500DE8587 /* InfoViewController.swift */ = {isa = PBXFileReference; lastKnownFileType = sourcecode.swift; path = InfoViewController.swift; sourceTree = "<group>"; };
		DE4DD09121042C1E00DE8587 /* SignUpViewController.swift */ = {isa = PBXFileReference; lastKnownFileType = sourcecode.swift; path = SignUpViewController.swift; sourceTree = "<group>"; };
		DE4DD09A2105A1AF00DE8587 /* MyDogStoryboard.storyboard */ = {isa = PBXFileReference; lastKnownFileType = file.storyboard; path = MyDogStoryboard.storyboard; sourceTree = "<group>"; };
		DE4DD09E2105A35F00DE8587 /* ArticleStoryboard.storyboard */ = {isa = PBXFileReference; lastKnownFileType = file.storyboard; path = ArticleStoryboard.storyboard; sourceTree = "<group>"; };
		DE4DD0A02105A36900DE8587 /* ChatStoryboard.storyboard */ = {isa = PBXFileReference; lastKnownFileType = file.storyboard; path = ChatStoryboard.storyboard; sourceTree = "<group>"; };
		DE4DD0A22105A8AD00DE8587 /* LoginStoryboard.storyboard */ = {isa = PBXFileReference; lastKnownFileType = file.storyboard; path = LoginStoryboard.storyboard; sourceTree = "<group>"; };
		DE4DD0A42105ACD800DE8587 /* AddDogViewController.swift */ = {isa = PBXFileReference; lastKnownFileType = sourcecode.swift; path = AddDogViewController.swift; sourceTree = "<group>"; };
		DE4DD0A72105EC4700DE8587 /* Media.swift */ = {isa = PBXFileReference; lastKnownFileType = sourcecode.swift; path = Media.swift; sourceTree = "<group>"; };
		DE60810A20FD9D7600FA16C1 /* Communicator.swift */ = {isa = PBXFileReference; fileEncoding = 4; lastKnownFileType = sourcecode.swift; path = Communicator.swift; sourceTree = "<group>"; };
		DE60810C20FD9DD000FA16C1 /* Action.swift */ = {isa = PBXFileReference; lastKnownFileType = sourcecode.swift; path = Action.swift; sourceTree = "<group>"; };
		DE60811020FD9E7200FA16C1 /* DataModel.swift */ = {isa = PBXFileReference; lastKnownFileType = sourcecode.swift; path = DataModel.swift; sourceTree = "<group>"; };
		DE60811220FD9EC900FA16C1 /* Default.swift */ = {isa = PBXFileReference; lastKnownFileType = sourcecode.swift; path = Default.swift; sourceTree = "<group>"; };
		DE60811420FDA06700FA16C1 /* LoginViewController.swift */ = {isa = PBXFileReference; lastKnownFileType = sourcecode.swift; path = LoginViewController.swift; sourceTree = "<group>"; };
		DE60811820FDC79400FA16C1 /* MyDogCollectionViewController.swift */ = {isa = PBXFileReference; lastKnownFileType = sourcecode.swift; path = MyDogCollectionViewController.swift; sourceTree = "<group>"; };
		DE60811C20FDC94D00FA16C1 /* MyDogImageCollectionViewCell.swift */ = {isa = PBXFileReference; lastKnownFileType = sourcecode.swift; path = MyDogImageCollectionViewCell.swift; sourceTree = "<group>"; };
		DE6D4F5220EF3695003ECCC6 /* DogBook.app */ = {isa = PBXFileReference; explicitFileType = wrapper.application; includeInIndex = 0; path = DogBook.app; sourceTree = BUILT_PRODUCTS_DIR; };
		DE6D4F5520EF3695003ECCC6 /* AppDelegate.swift */ = {isa = PBXFileReference; lastKnownFileType = sourcecode.swift; path = AppDelegate.swift; sourceTree = "<group>"; };
		DE6D4F5720EF3695003ECCC6 /* ViewController.swift */ = {isa = PBXFileReference; lastKnownFileType = sourcecode.swift; path = ViewController.swift; sourceTree = "<group>"; };
		DE6D4F5A20EF3695003ECCC6 /* Base */ = {isa = PBXFileReference; lastKnownFileType = file.storyboard; name = Base; path = Base.lproj/Main.storyboard; sourceTree = "<group>"; };
		DE6D4F5C20EF3696003ECCC6 /* Assets.xcassets */ = {isa = PBXFileReference; lastKnownFileType = folder.assetcatalog; path = Assets.xcassets; sourceTree = "<group>"; };
		DE6D4F5F20EF3696003ECCC6 /* Base */ = {isa = PBXFileReference; lastKnownFileType = file.storyboard; name = Base; path = Base.lproj/LaunchScreen.storyboard; sourceTree = "<group>"; };
		DE6D4F6120EF3696003ECCC6 /* Info.plist */ = {isa = PBXFileReference; lastKnownFileType = text.plist.xml; path = Info.plist; sourceTree = "<group>"; };
		DED8DF5C2101BFEA00673EA5 /* MyDogInfoCollectionReusableView.swift */ = {isa = PBXFileReference; lastKnownFileType = sourcecode.swift; path = MyDogInfoCollectionReusableView.swift; sourceTree = "<group>"; };
		DEEAA713210728980010B0BE /* FriendStoryboard.storyboard */ = {isa = PBXFileReference; lastKnownFileType = file.storyboard; path = FriendStoryboard.storyboard; sourceTree = "<group>"; };
		DEEAA71521084DEE0010B0BE /* ArticleTableViewController.swift */ = {isa = PBXFileReference; lastKnownFileType = sourcecode.swift; path = ArticleTableViewController.swift; sourceTree = "<group>"; };
		DEF02C9D20FF597F0013DB8D /* dog02.jpg */ = {isa = PBXFileReference; lastKnownFileType = image.jpeg; path = dog02.jpg; sourceTree = "<group>"; };
/* End PBXFileReference section */

/* Begin PBXFrameworksBuildPhase section */
		DE6D4F4F20EF3695003ECCC6 /* Frameworks */ = {
			isa = PBXFrameworksBuildPhase;
			buildActionMask = 2147483647;
			files = (
			);
			runOnlyForDeploymentPostprocessing = 0;
		};
/* End PBXFrameworksBuildPhase section */

/* Begin PBXGroup section */
		18FD86392106FB600040441F /* Friend */ = {
			isa = PBXGroup;
			children = (
				18FD86352106F9FB0040441F /* FriendPageSwitchViewController.swift */,
				18FD86372106FB520040441F /* FriendListViewController.swift */,
				18FD863A2106FD110040441F /* FriendListTableViewCell.swift */,
				18FD863C210711BA0040441F /* FriendSearchViewController.swift */,
				18FD863E210711D70040441F /* FriendSearchTableViewCell.swift */,
				1878FB3A210AB98E00715BB0 /* AddListTableViewController.swift */,
				1878FB3E210AD0BC00715BB0 /* AddListTableViewCell.swift */,
				188B35B22107591000458C80 /* PairViewController.swift */,
				183562242110360600489685 /* pairBackground.jpg */,
				183561E8210FF7AA00489685 /* female.png */,
				183561EA210FFA2900489685 /* male.png */,
				DEEAA713210728980010B0BE /* FriendStoryboard.storyboard */,
			);
			path = Friend;
			sourceTree = "<group>";
		};
		DE4DD09521059F4700DE8587 /* MyDog */ = {
			isa = PBXGroup;
			children = (
				DE60811820FDC79400FA16C1 /* MyDogCollectionViewController.swift */,
				DE60811C20FDC94D00FA16C1 /* MyDogImageCollectionViewCell.swift */,
				DED8DF5C2101BFEA00673EA5 /* MyDogInfoCollectionReusableView.swift */,
				DE4DD08F21034E2500DE8587 /* InfoViewController.swift */,
				DE4DD09A2105A1AF00DE8587 /* MyDogStoryboard.storyboard */,
				DE4DD0A42105ACD800DE8587 /* AddDogViewController.swift */,
			);
			path = MyDog;
			sourceTree = "<group>";
		};
		DE4DD09721059F6800DE8587 /* Login */ = {
			isa = PBXGroup;
			children = (
				DE60811420FDA06700FA16C1 /* LoginViewController.swift */,
				DE4DD09121042C1E00DE8587 /* SignUpViewController.swift */,
				DE4DD0A22105A8AD00DE8587 /* LoginStoryboard.storyboard */,
			);
			path = Login;
			sourceTree = "<group>";
		};
		DE4DD09821059F8300DE8587 /* Media */ = {
			isa = PBXGroup;
			children = (
				DE4DD08B210322FE00DE8587 /* UIImageCropper.swift */,
				DE4DD08C210322FE00DE8587 /* UIImage+FixOrientation.swift */,
				DE4DD0A72105EC4700DE8587 /* Media.swift */,
				DE16CCAD210B07A4008FF04F /* UIImage+resize.swift */,
			);
			path = Media;
			sourceTree = "<group>";
		};
		DE4DD09921059FA300DE8587 /* Main */ = {
			isa = PBXGroup;
			children = (
				DE60810A20FD9D7600FA16C1 /* Communicator.swift */,
				DE60811220FD9EC900FA16C1 /* Default.swift */,
				DE60811020FD9E7200FA16C1 /* DataModel.swift */,
				DE60810C20FD9DD000FA16C1 /* Action.swift */,
			);
			path = Main;
			sourceTree = "<group>";
		};
		DE4DD09C2105A33B00DE8587 /* Chat */ = {
			isa = PBXGroup;
			children = (
				DE4DD0A02105A36900DE8587 /* ChatStoryboard.storyboard */,
			);
			path = "C\bhat";
			sourceTree = "<group>";
		};
		DE4DD09D2105A34400DE8587 /* Article */ = {
			isa = PBXGroup;
			children = (
				DE4DD09E2105A35F00DE8587 /* ArticleStoryboard.storyboard */,
				DEEAA71521084DEE0010B0BE /* ArticleTableViewController.swift */,
				DE16CCAB210B0455008FF04F /* ArticleTableViewCell.swift */,
				DE16CCB1210C20C7008FF04F /* AddArticleViewController.swift */,
				DE16CCB5210D7288008FF04F /* MessageBoardTableViewCell.swift */,
				DE16CCD9210D99DC008FF04F /* MessageBoardViewController.swift */,
			);
			path = Article;
			sourceTree = "<group>";
		};
		DE6D4F4920EF3695003ECCC6 = {
			isa = PBXGroup;
			children = (
				18FD86392106FB600040441F /* Friend */,
				DE4DD09D2105A34400DE8587 /* Article */,
				DE4DD09C2105A33B00DE8587 /* Chat */,
				DE4DD09921059FA300DE8587 /* Main */,
				DE4DD09821059F8300DE8587 /* Media */,
				DE4DD09721059F6800DE8587 /* Login */,
				DE4DD09521059F4700DE8587 /* MyDog */,
				DE6D4F5420EF3695003ECCC6 /* DogBook */,
				DE6D4F5320EF3695003ECCC6 /* Products */,
			);
			sourceTree = "<group>";
		};
		DE6D4F5320EF3695003ECCC6 /* Products */ = {
			isa = PBXGroup;
			children = (
				DE6D4F5220EF3695003ECCC6 /* DogBook.app */,
			);
			name = Products;
			sourceTree = "<group>";
		};
		DE6D4F5420EF3695003ECCC6 /* DogBook */ = {
			isa = PBXGroup;
			children = (
				DEF02C9D20FF597F0013DB8D /* dog02.jpg */,
				DE6D4F5520EF3695003ECCC6 /* AppDelegate.swift */,
				DE6D4F5720EF3695003ECCC6 /* ViewController.swift */,
				DE6D4F5920EF3695003ECCC6 /* Main.storyboard */,
				DE6D4F5C20EF3696003ECCC6 /* Assets.xcassets */,
				DE6D4F5E20EF3696003ECCC6 /* LaunchScreen.storyboard */,
				DE6D4F6120EF3696003ECCC6 /* Info.plist */,
			);
			path = DogBook;
			sourceTree = "<group>";
		};
/* End PBXGroup section */

/* Begin PBXNativeTarget section */
		DE6D4F5120EF3695003ECCC6 /* DogBook */ = {
			isa = PBXNativeTarget;
			buildConfigurationList = DE6D4F6420EF3696003ECCC6 /* Build configuration list for PBXNativeTarget "DogBook" */;
			buildPhases = (
				DE6D4F4E20EF3695003ECCC6 /* Sources */,
				DE6D4F4F20EF3695003ECCC6 /* Frameworks */,
				DE6D4F5020EF3695003ECCC6 /* Resources */,
			);
			buildRules = (
			);
			dependencies = (
			);
			name = DogBook;
			productName = DogBook;
			productReference = DE6D4F5220EF3695003ECCC6 /* DogBook.app */;
			productType = "com.apple.product-type.application";
		};
/* End PBXNativeTarget section */

/* Begin PBXProject section */
		DE6D4F4A20EF3695003ECCC6 /* Project object */ = {
			isa = PBXProject;
			attributes = {
				LastSwiftUpdateCheck = 0940;
				LastUpgradeCheck = 0940;
				ORGANIZATIONNAME = lee;
				TargetAttributes = {
					DE6D4F5120EF3695003ECCC6 = {
						CreatedOnToolsVersion = 9.4.1;
					};
				};
			};
			buildConfigurationList = DE6D4F4D20EF3695003ECCC6 /* Build configuration list for PBXProject "DogBook" */;
			compatibilityVersion = "Xcode 9.3";
			developmentRegion = en;
			hasScannedForEncodings = 0;
			knownRegions = (
				en,
				Base,
			);
			mainGroup = DE6D4F4920EF3695003ECCC6;
			productRefGroup = DE6D4F5320EF3695003ECCC6 /* Products */;
			projectDirPath = "";
			projectRoot = "";
			targets = (
				DE6D4F5120EF3695003ECCC6 /* DogBook */,
			);
		};
/* End PBXProject section */

/* Begin PBXResourcesBuildPhase section */
		DE6D4F5020EF3695003ECCC6 /* Resources */ = {
			isa = PBXResourcesBuildPhase;
			buildActionMask = 2147483647;
			files = (
				DEF02C9E20FF597F0013DB8D /* dog02.jpg in Resources */,
				183562252110360600489685 /* pairBackground.jpg in Resources */,
				DE6D4F6020EF3696003ECCC6 /* LaunchScreen.storyboard in Resources */,
				183561EB210FFA2A00489685 /* male.png in Resources */,
				DE4DD09F2105A35F00DE8587 /* ArticleStoryboard.storyboard in Resources */,
				DE4DD0A32105A8AD00DE8587 /* LoginStoryboard.storyboard in Resources */,
				DEEAA714210728980010B0BE /* FriendStoryboard.storyboard in Resources */,
				183561E9210FF7AA00489685 /* female.png in Resources */,
				DE6D4F5D20EF3696003ECCC6 /* Assets.xcassets in Resources */,
				DE6D4F5B20EF3695003ECCC6 /* Main.storyboard in Resources */,
				DE4DD09B2105A1AF00DE8587 /* MyDogStoryboard.storyboard in Resources */,
				DE4DD0A12105A36900DE8587 /* ChatStoryboard.storyboard in Resources */,
			);
			runOnlyForDeploymentPostprocessing = 0;
		};
/* End PBXResourcesBuildPhase section */

/* Begin PBXSourcesBuildPhase section */
		DE6D4F4E20EF3695003ECCC6 /* Sources */ = {
			isa = PBXSourcesBuildPhase;
			buildActionMask = 2147483647;
			files = (
				1878FB3F210AD0BC00715BB0 /* AddListTableViewCell.swift in Sources */,
				18FD86362106F9FB0040441F /* FriendPageSwitchViewController.swift in Sources */,
				DE60811520FDA06700FA16C1 /* LoginViewController.swift in Sources */,
				18FD863F210711D70040441F /* FriendSearchTableViewCell.swift in Sources */,
				DE60810B20FD9D7600FA16C1 /* Communicator.swift in Sources */,
				DE60811320FD9EC900FA16C1 /* Default.swift in Sources */,
				DE16CCAE210B07A4008FF04F /* UIImage+resize.swift in Sources */,
				DE60811920FDC79400FA16C1 /* MyDogCollectionViewController.swift in Sources */,
				DE16CCDA210D99DC008FF04F /* MessageBoardViewController.swift in Sources */,
				DE4DD08D210322FE00DE8587 /* UIImageCropper.swift in Sources */,
				1878FB3B210AB98E00715BB0 /* AddListTableViewController.swift in Sources */,
				DE60810D20FD9DD000FA16C1 /* Action.swift in Sources */,
				DE4DD0A82105EC4700DE8587 /* Media.swift in Sources */,
				DE16CCAC210B0455008FF04F /* ArticleTableViewCell.swift in Sources */,
				DE4DD08E210322FE00DE8587 /* UIImage+FixOrientation.swift in Sources */,
				18FD863B2106FD110040441F /* FriendListTableViewCell.swift in Sources */,
				DED8DF5D2101BFEA00673EA5 /* MyDogInfoCollectionReusableView.swift in Sources */,
				188B35B32107591000458C80 /* PairViewController.swift in Sources */,
				18FD863D210711BA0040441F /* FriendSearchViewController.swift in Sources */,
				DE4DD09221042C1E00DE8587 /* SignUpViewController.swift in Sources */,
				DE16CCB6210D7288008FF04F /* MessageBoardTableViewCell.swift in Sources */,
				DE6D4F5820EF3695003ECCC6 /* ViewController.swift in Sources */,
				DE4DD09021034E2500DE8587 /* InfoViewController.swift in Sources */,
				18FD86382106FB520040441F /* FriendListViewController.swift in Sources */,
				DE6D4F5620EF3695003ECCC6 /* AppDelegate.swift in Sources */,
				DEEAA71621084DEE0010B0BE /* ArticleTableViewController.swift in Sources */,
				DE16CCB2210C20C7008FF04F /* AddArticleViewController.swift in Sources */,
				DE60811120FD9E7200FA16C1 /* DataModel.swift in Sources */,
				DE4DD0A52105ACD800DE8587 /* AddDogViewController.swift in Sources */,
				DE60811D20FDC94D00FA16C1 /* MyDogImageCollectionViewCell.swift in Sources */,
			);
			runOnlyForDeploymentPostprocessing = 0;
		};
/* End PBXSourcesBuildPhase section */

/* Begin PBXVariantGroup section */
		DE6D4F5920EF3695003ECCC6 /* Main.storyboard */ = {
			isa = PBXVariantGroup;
			children = (
				DE6D4F5A20EF3695003ECCC6 /* Base */,
			);
			name = Main.storyboard;
			sourceTree = "<group>";
		};
		DE6D4F5E20EF3696003ECCC6 /* LaunchScreen.storyboard */ = {
			isa = PBXVariantGroup;
			children = (
				DE6D4F5F20EF3696003ECCC6 /* Base */,
			);
			name = LaunchScreen.storyboard;
			sourceTree = "<group>";
		};
/* End PBXVariantGroup section */

/* Begin XCBuildConfiguration section */
		DE6D4F6220EF3696003ECCC6 /* Debug */ = {
			isa = XCBuildConfiguration;
			buildSettings = {
				ALWAYS_SEARCH_USER_PATHS = NO;
				CLANG_ANALYZER_NONNULL = YES;
				CLANG_ANALYZER_NUMBER_OBJECT_CONVERSION = YES_AGGRESSIVE;
				CLANG_CXX_LANGUAGE_STANDARD = "gnu++14";
				CLANG_CXX_LIBRARY = "libc++";
				CLANG_ENABLE_MODULES = YES;
				CLANG_ENABLE_OBJC_ARC = YES;
				CLANG_ENABLE_OBJC_WEAK = YES;
				CLANG_WARN_BLOCK_CAPTURE_AUTORELEASING = YES;
				CLANG_WARN_BOOL_CONVERSION = YES;
				CLANG_WARN_COMMA = YES;
				CLANG_WARN_CONSTANT_CONVERSION = YES;
				CLANG_WARN_DEPRECATED_OBJC_IMPLEMENTATIONS = YES;
				CLANG_WARN_DIRECT_OBJC_ISA_USAGE = YES_ERROR;
				CLANG_WARN_DOCUMENTATION_COMMENTS = YES;
				CLANG_WARN_EMPTY_BODY = YES;
				CLANG_WARN_ENUM_CONVERSION = YES;
				CLANG_WARN_INFINITE_RECURSION = YES;
				CLANG_WARN_INT_CONVERSION = YES;
				CLANG_WARN_NON_LITERAL_NULL_CONVERSION = YES;
				CLANG_WARN_OBJC_IMPLICIT_RETAIN_SELF = YES;
				CLANG_WARN_OBJC_LITERAL_CONVERSION = YES;
				CLANG_WARN_OBJC_ROOT_CLASS = YES_ERROR;
				CLANG_WARN_RANGE_LOOP_ANALYSIS = YES;
				CLANG_WARN_STRICT_PROTOTYPES = YES;
				CLANG_WARN_SUSPICIOUS_MOVE = YES;
				CLANG_WARN_UNGUARDED_AVAILABILITY = YES_AGGRESSIVE;
				CLANG_WARN_UNREACHABLE_CODE = YES;
				CLANG_WARN__DUPLICATE_METHOD_MATCH = YES;
				CODE_SIGN_IDENTITY = "iPhone Developer";
				COPY_PHASE_STRIP = NO;
				DEBUG_INFORMATION_FORMAT = dwarf;
				ENABLE_STRICT_OBJC_MSGSEND = YES;
				ENABLE_TESTABILITY = YES;
				GCC_C_LANGUAGE_STANDARD = gnu11;
				GCC_DYNAMIC_NO_PIC = NO;
				GCC_NO_COMMON_BLOCKS = YES;
				GCC_OPTIMIZATION_LEVEL = 0;
				GCC_PREPROCESSOR_DEFINITIONS = (
					"DEBUG=1",
					"$(inherited)",
				);
				GCC_WARN_64_TO_32_BIT_CONVERSION = YES;
				GCC_WARN_ABOUT_RETURN_TYPE = YES_ERROR;
				GCC_WARN_UNDECLARED_SELECTOR = YES;
				GCC_WARN_UNINITIALIZED_AUTOS = YES_AGGRESSIVE;
				GCC_WARN_UNUSED_FUNCTION = YES;
				GCC_WARN_UNUSED_VARIABLE = YES;
				IPHONEOS_DEPLOYMENT_TARGET = 11.4;
				MTL_ENABLE_DEBUG_INFO = YES;
				ONLY_ACTIVE_ARCH = YES;
				SDKROOT = iphoneos;
				SWIFT_ACTIVE_COMPILATION_CONDITIONS = DEBUG;
				SWIFT_OPTIMIZATION_LEVEL = "-Onone";
			};
			name = Debug;
		};
		DE6D4F6320EF3696003ECCC6 /* Release */ = {
			isa = XCBuildConfiguration;
			buildSettings = {
				ALWAYS_SEARCH_USER_PATHS = NO;
				CLANG_ANALYZER_NONNULL = YES;
				CLANG_ANALYZER_NUMBER_OBJECT_CONVERSION = YES_AGGRESSIVE;
				CLANG_CXX_LANGUAGE_STANDARD = "gnu++14";
				CLANG_CXX_LIBRARY = "libc++";
				CLANG_ENABLE_MODULES = YES;
				CLANG_ENABLE_OBJC_ARC = YES;
				CLANG_ENABLE_OBJC_WEAK = YES;
				CLANG_WARN_BLOCK_CAPTURE_AUTORELEASING = YES;
				CLANG_WARN_BOOL_CONVERSION = YES;
				CLANG_WARN_COMMA = YES;
				CLANG_WARN_CONSTANT_CONVERSION = YES;
				CLANG_WARN_DEPRECATED_OBJC_IMPLEMENTATIONS = YES;
				CLANG_WARN_DIRECT_OBJC_ISA_USAGE = YES_ERROR;
				CLANG_WARN_DOCUMENTATION_COMMENTS = YES;
				CLANG_WARN_EMPTY_BODY = YES;
				CLANG_WARN_ENUM_CONVERSION = YES;
				CLANG_WARN_INFINITE_RECURSION = YES;
				CLANG_WARN_INT_CONVERSION = YES;
				CLANG_WARN_NON_LITERAL_NULL_CONVERSION = YES;
				CLANG_WARN_OBJC_IMPLICIT_RETAIN_SELF = YES;
				CLANG_WARN_OBJC_LITERAL_CONVERSION = YES;
				CLANG_WARN_OBJC_ROOT_CLASS = YES_ERROR;
				CLANG_WARN_RANGE_LOOP_ANALYSIS = YES;
				CLANG_WARN_STRICT_PROTOTYPES = YES;
				CLANG_WARN_SUSPICIOUS_MOVE = YES;
				CLANG_WARN_UNGUARDED_AVAILABILITY = YES_AGGRESSIVE;
				CLANG_WARN_UNREACHABLE_CODE = YES;
				CLANG_WARN__DUPLICATE_METHOD_MATCH = YES;
				CODE_SIGN_IDENTITY = "iPhone Developer";
				COPY_PHASE_STRIP = NO;
				DEBUG_INFORMATION_FORMAT = "dwarf-with-dsym";
				ENABLE_NS_ASSERTIONS = NO;
				ENABLE_STRICT_OBJC_MSGSEND = YES;
				GCC_C_LANGUAGE_STANDARD = gnu11;
				GCC_NO_COMMON_BLOCKS = YES;
				GCC_WARN_64_TO_32_BIT_CONVERSION = YES;
				GCC_WARN_ABOUT_RETURN_TYPE = YES_ERROR;
				GCC_WARN_UNDECLARED_SELECTOR = YES;
				GCC_WARN_UNINITIALIZED_AUTOS = YES_AGGRESSIVE;
				GCC_WARN_UNUSED_FUNCTION = YES;
				GCC_WARN_UNUSED_VARIABLE = YES;
				IPHONEOS_DEPLOYMENT_TARGET = 11.4;
				MTL_ENABLE_DEBUG_INFO = NO;
				SDKROOT = iphoneos;
				SWIFT_COMPILATION_MODE = wholemodule;
				SWIFT_OPTIMIZATION_LEVEL = "-O";
				VALIDATE_PRODUCT = YES;
			};
			name = Release;
		};
		DE6D4F6520EF3696003ECCC6 /* Debug */ = {
			isa = XCBuildConfiguration;
			buildSettings = {
				ASSETCATALOG_COMPILER_APPICON_NAME = AppIcon;
				CODE_SIGN_STYLE = Automatic;
				DEVELOPMENT_TEAM = PB2V6VT4QZ;
				INFOPLIST_FILE = DogBook/Info.plist;
				LD_RUNPATH_SEARCH_PATHS = (
					"$(inherited)",
					"@executable_path/Frameworks",
				);
				PRODUCT_BUNDLE_IDENTIFIER = com.lee.DogBook;
				PRODUCT_NAME = "$(TARGET_NAME)";
				SWIFT_VERSION = 4.0;
				TARGETED_DEVICE_FAMILY = "1,2";
			};
			name = Debug;
		};
		DE6D4F6620EF3696003ECCC6 /* Release */ = {
			isa = XCBuildConfiguration;
			buildSettings = {
				ASSETCATALOG_COMPILER_APPICON_NAME = AppIcon;
				CODE_SIGN_STYLE = Automatic;
				DEVELOPMENT_TEAM = PB2V6VT4QZ;
				INFOPLIST_FILE = DogBook/Info.plist;
				LD_RUNPATH_SEARCH_PATHS = (
					"$(inherited)",
					"@executable_path/Frameworks",
				);
				PRODUCT_BUNDLE_IDENTIFIER = com.lee.DogBook;
				PRODUCT_NAME = "$(TARGET_NAME)";
				SWIFT_VERSION = 4.0;
				TARGETED_DEVICE_FAMILY = "1,2";
			};
			name = Release;
		};
/* End XCBuildConfiguration section */

/* Begin XCConfigurationList section */
		DE6D4F4D20EF3695003ECCC6 /* Build configuration list for PBXProject "DogBook" */ = {
			isa = XCConfigurationList;
			buildConfigurations = (
				DE6D4F6220EF3696003ECCC6 /* Debug */,
				DE6D4F6320EF3696003ECCC6 /* Release */,
			);
			defaultConfigurationIsVisible = 0;
			defaultConfigurationName = Release;
		};
		DE6D4F6420EF3696003ECCC6 /* Build configuration list for PBXNativeTarget "DogBook" */ = {
			isa = XCConfigurationList;
			buildConfigurations = (
				DE6D4F6520EF3696003ECCC6 /* Debug */,
				DE6D4F6620EF3696003ECCC6 /* Release */,
			);
			defaultConfigurationIsVisible = 0;
			defaultConfigurationName = Release;
		};
/* End XCConfigurationList section */
	};
	rootObject = DE6D4F4A20EF3695003ECCC6 /* Project object */;
}
